{
  "version": "5",
  "specifiers": {
    "jsr:@nothing628/chalk@*": "1.0.1",
    "jsr:@std/assert@*": "1.0.14",
    "jsr:@std/collections@^1.0.9": "1.0.9",
    "jsr:@std/internal@^1.0.10": "1.0.10",
    "npm:chalk@^5.3.0": "5.3.0",
    "npm:ts-graphviz@^2.1.5": "2.1.5"
  },
  "jsr": {
    "@nothing628/chalk@1.0.1": {
      "integrity": "d89ab2f1a9674ce7134b791ea8f53aec728d3e00ad89d08c44785bff342d2ef6"
    },
    "@std/assert@1.0.14": {
      "integrity": "68d0d4a43b365abc927f45a9b85c639ea18a9fab96ad92281e493e4ed84abaa4",
      "dependencies": [
        "jsr:@std/internal"
      ]
    },
    "@std/collections@1.0.9": {
      "integrity": "4f58104ead08a04a2199374247f07befe50ba01d9cca8cbb23ab9a0419921e71"
    },
    "@std/internal@1.0.10": {
      "integrity": "e3be62ce42cab0e177c27698e5d9800122f67b766a0bea6ca4867886cbde8cf7"
    }
  },
  "npm": {
    "@ts-graphviz/adapter@2.0.6": {
      "integrity": "sha512-kJ10lIMSWMJkLkkCG5gt927SnGZcBuG0s0HHswGzcHTgvtUe7yk5/3zTEr0bafzsodsOq5Gi6FhQeV775nC35Q==",
      "dependencies": [
        "@ts-graphviz/common"
      ]
    },
    "@ts-graphviz/ast@2.0.6": {
      "integrity": "sha512-JbOnw6+Pm+C9jRQlNV+qJG0/VTan4oCeZ0sClm++SjaaMBJ0q86O13i6wbcWKY2x8kKt9GP2hVCgM/p/BXtXWQ==",
      "dependencies": [
        "@ts-graphviz/common"
      ]
    },
    "@ts-graphviz/common@2.1.5": {
      "integrity": "sha512-S6/9+T6x8j6cr/gNhp+U2olwo1n0jKj/682QVqsh7yXWV6ednHYqxFw0ZsY3LyzT0N8jaZ6jQY9YD99le3cmvg=="
    },
    "@ts-graphviz/core@2.0.6": {
      "integrity": "sha512-0hvrluFirC0ph3Dn2o1B0O1fI2n7Hre1HlScfmRcO6DDDq/05Vizg5UMI0LfvkJulLuz80RPjUHluh+QfBUBKw==",
      "dependencies": [
        "@ts-graphviz/ast",
        "@ts-graphviz/common"
      ]
    },
    "chalk@5.3.0": {
      "integrity": "sha512-dLitG79d+GV1Nb/VYcCDFivJeK1hiukt9QjRNVOsUtTy1rR1YJsmpGGTZ3qJos+uw7WmWF4wUwBd9jxjocFC2w=="
    },
    "ts-graphviz@2.1.5": {
      "integrity": "sha512-IigMCo40QZvyyURRdYFh0DV6DGDt7OqkPM/TBGXSJKfNKnYmOfRg0tzSlnJS1TQCWFSTEtpBQsqmAZcziXJrWg==",
      "dependencies": [
        "@ts-graphviz/adapter",
        "@ts-graphviz/ast",
        "@ts-graphviz/common",
        "@ts-graphviz/core"
      ]
    }
  },
  "workspace": {
    "dependencies": [
      "jsr:@nothing628/chalk@*",
      "jsr:@std/assert@*",
      "jsr:@std/collections@^1.0.9"
    ],
    "packageJson": {
      "dependencies": [
        "npm:chalk@^5.3.0",
        "npm:ts-graphviz@^2.1.5"
      ]
    }
  }
}
